
Microsoft Visual Studio Solution File, Format Version 12.00
# Visual Studio Version 17
VisualStudioVersion = 17.1.32228.430
MinimumVisualStudioVersion = 10.0.40219.1
Project("{FAE04EC0-301F-11D3-BF4B-00C04F79EFBC}") = "ConsoleApp1", "ConsoleApp1.csproj", "{20340897-B152-4885-844A-E3C0ACD7ED52}"
EndProject
Global
	GlobalSection(SolutionConfigurationPlatforms) = preSolution
		Debug|Any CPU = Debug|Any CPU
		Release|Any CPU = Release|Any CPU
	EndGlobalSection
	GlobalSection(ProjectConfigurationPlatforms) = postSolution
		{20340897-B152-4885-844A-E3C0ACD7ED52}.Debug|Any CPU.ActiveCfg = Debug|Any CPU
		{20340897-B152-4885-844A-E3C0ACD7ED52}.Debug|Any CPU.Build.0 = Debug|Any CPU
		{20340897-B152-4885-844A-E3C0ACD7ED52}.Release|Any CPU.ActiveCfg = Release|Any CPU
		{20340897-B152-4885-844A-E3C0ACD7ED52}.Release|Any CPU.Build.0 = Release|Any CPU
	EndGlobalSection
	GlobalSection(SolutionProperties) = preSolution
		HideSolutionNode = FALSE
	EndGlobalSection
	GlobalSection(ExtensibilityGlobals) = postSolution
		SolutionGuid = {764F50DD-B15E-4758-987A-C568B7D9564E}
	EndGlobalSection
EndGlobal
